
Microsoft Visual Studio Solution File, Format Version 12.00
# Visual Studio Version 17
VisualStudioVersion = 17.11.35431.28
MinimumVisualStudioVersion = 10.0.40219.1
Project("{8BC9CEB8-8B4A-11D0-8D11-00A0C91BC942}") = "cc2_vr_recenter_fix_dll", "cc2_recenter_hook_dll\cc2_recenter_hook_dll.vcxproj", "{CB365D3E-E08C-4D46-9402-9847B0124C91}"
EndProject
Project("{8BC9CEB8-8B4A-11D0-8D11-00A0C91BC942}") = "cc2_vr_recenter_fix_launcher", "cc2_injector\cc2_injector.vcxproj", "{B6D5DBDC-1B5B-413D-8111-55137A542266}"
EndProject
Global
	GlobalSection(SolutionConfigurationPlatforms) = preSolution
		Debug|Win32 = Debug|Win32
		Debug|x64 = Debug|x64
		Debug|x86 = Debug|x86
		Release|Win32 = Release|Win32
		Release|x64 = Release|x64
		Release|x86 = Release|x86
	EndGlobalSection
	GlobalSection(ProjectConfigurationPlatforms) = postSolution
		{CB365D3E-E08C-4D46-9402-9847B0124C91}.Debug|Win32.ActiveCfg = Release|Win32
		{CB365D3E-E08C-4D46-9402-9847B0124C91}.Debug|Win32.Build.0 = Release|Win32
		{CB365D3E-E08C-4D46-9402-9847B0124C91}.Debug|x64.ActiveCfg = Debug|x64
		{CB365D3E-E08C-4D46-9402-9847B0124C91}.Debug|x64.Build.0 = Debug|x64
		{CB365D3E-E08C-4D46-9402-9847B0124C91}.Debug|x86.ActiveCfg = Debug|Win32
		{CB365D3E-E08C-4D46-9402-9847B0124C91}.Debug|x86.Build.0 = Debug|Win32
		{CB365D3E-E08C-4D46-9402-9847B0124C91}.Release|Win32.ActiveCfg = Release|Win32
		{CB365D3E-E08C-4D46-9402-9847B0124C91}.Release|Win32.Build.0 = Release|Win32
		{CB365D3E-E08C-4D46-9402-9847B0124C91}.Release|x64.ActiveCfg = Release|x64
		{CB365D3E-E08C-4D46-9402-9847B0124C91}.Release|x64.Build.0 = Release|x64
		{CB365D3E-E08C-4D46-9402-9847B0124C91}.Release|x86.ActiveCfg = Release|Win32
		{CB365D3E-E08C-4D46-9402-9847B0124C91}.Release|x86.Build.0 = Release|Win32
		{B6D5DBDC-1B5B-413D-8111-55137A542266}.Debug|Win32.ActiveCfg = Release|Win32
		{B6D5DBDC-1B5B-413D-8111-55137A542266}.Debug|Win32.Build.0 = Release|Win32
		{B6D5DBDC-1B5B-413D-8111-55137A542266}.Debug|x64.ActiveCfg = Debug|x64
		{B6D5DBDC-1B5B-413D-8111-55137A542266}.Debug|x64.Build.0 = Debug|x64
		{B6D5DBDC-1B5B-413D-8111-55137A542266}.Debug|x86.ActiveCfg = Debug|Win32
		{B6D5DBDC-1B5B-413D-8111-55137A542266}.Debug|x86.Build.0 = Debug|Win32
		{B6D5DBDC-1B5B-413D-8111-55137A542266}.Release|Win32.ActiveCfg = Release|Win32
		{B6D5DBDC-1B5B-413D-8111-55137A542266}.Release|Win32.Build.0 = Release|Win32
		{B6D5DBDC-1B5B-413D-8111-55137A542266}.Release|x64.ActiveCfg = Release|x64
		{B6D5DBDC-1B5B-413D-8111-55137A542266}.Release|x64.Build.0 = Release|x64
		{B6D5DBDC-1B5B-413D-8111-55137A542266}.Release|x86.ActiveCfg = Release|Win32
		{B6D5DBDC-1B5B-413D-8111-55137A542266}.Release|x86.Build.0 = Release|Win32
	EndGlobalSection
	GlobalSection(SolutionProperties) = preSolution
		HideSolutionNode = FALSE
	EndGlobalSection
	GlobalSection(ExtensibilityGlobals) = postSolution
		SolutionGuid = {F6063C16-8888-41A5-A23B-54A620CC0CF4}
	EndGlobalSection
EndGlobal
